
Microsoft Visual Studio Solution File, Format Version 12.00
# Visual Studio Version 16
VisualStudioVersion = 16.0.29613.14
MinimumVisualStudioVersion = 10.0.40219.1
Project("{FAE04EC0-301F-11D3-BF4B-00C04F79EFBC}") = "tempCalc", "tempCalc.csproj", "{113CDF29-5690-4A48-BEA5-8F4755E891D6}"
EndProject
Global
	GlobalSection(SolutionConfigurationPlatforms) = preSolution
		Debug|Any CPU = Debug|Any CPU
		Release|Any CPU = Release|Any CPU
	EndGlobalSection
	GlobalSection(ProjectConfigurationPlatforms) = postSolution
		{113CDF29-5690-4A48-BEA5-8F4755E891D6}.Debug|Any CPU.ActiveCfg = Debug|Any CPU
		{113CDF29-5690-4A48-BEA5-8F4755E891D6}.Debug|Any CPU.Build.0 = Debug|Any CPU
		{113CDF29-5690-4A48-BEA5-8F4755E891D6}.Release|Any CPU.ActiveCfg = Release|Any CPU
		{113CDF29-5690-4A48-BEA5-8F4755E891D6}.Release|Any CPU.Build.0 = Release|Any CPU
	EndGlobalSection
	GlobalSection(SolutionProperties) = preSolution
		HideSolutionNode = FALSE
	EndGlobalSection
	GlobalSection(ExtensibilityGlobals) = postSolution
		SolutionGuid = {7F2BCD4C-E0BB-40FF-8AFD-09F9B239897A}
	EndGlobalSection
EndGlobal
